PODS:
  - AFNetworking (4.0.1):
    - AFNetworking/NSURLSession (= 4.0.1)
    - AFNetworking/Reachability (= 4.0.1)
    - AFNetworking/Security (= 4.0.1)
    - AFNetworking/Serialization (= 4.0.1)
    - AFNetworking/UIKit (= 4.0.1)
  - AFNetworking/NSURLSession (4.0.1):
    - AFNetworking/Reachability
    - AFNetworking/Security
    - AFNetworking/Serialization
  - AFNetworking/Reachability (4.0.1)
  - AFNetworking/Security (4.0.1)
  - AFNetworking/Serialization (4.0.1)
  - AFNetworking/UIKit (4.0.1):
    - AFNetworking/NSURLSession
  - HornsAppCore (0.3.8)

DEPENDENCIES:
  - AFNetworking (~> 4.0)
  - HornsAppCore (~> 0.3.8)

SPEC REPOS:
  https://github.com/Yesferal/HornsApp-PodSpecs.git:
    - HornsAppCore
  trunk:
    - AFNetworking

SPEC CHECKSUMS:
  AFNetworking: 7864c38297c79aaca1500c33288e429c3451fdce
  HornsAppCore: 26787271a170127f6379c7815e9bacc60f162bd5

PODFILE CHECKSUM: 38f5a14b808936515ad678cb5b7816aa0c4d033e

COCOAPODS: 1.11.2
