// !$*UTF8*$!
{
	archiveVersion = 1;
	classes = {
	};
	objectVersion = 51;
	objects = {

/* Begin PBXBuildFile section */
		727D0343271BC87E0019945B /* AppDelegate.swift in Sources */ = {isa = PBXBuildFile; fileRef = 727D0342271BC87E0019945B /* AppDelegate.swift */; };
		727D0345271BC87E0019945B /* SceneDelegate.swift in Sources */ = {isa = PBXBuildFile; fileRef = 727D0344271BC87E0019945B /* SceneDelegate.swift */; };
		727D0347271BC87E0019945B /* ViewController.swift in Sources */ = {isa = PBXBuildFile; fileRef = 727D0346271BC87E0019945B /* ViewController.swift */; };
		727D034A271BC87E0019945B /* Main.storyboard in Resources */ = {isa = PBXBuildFile; fileRef = 727D0348271BC87E0019945B /* Main.storyboard */; };
		727D034C271BC8800019945B /* Assets.xcassets in Resources */ = {isa = PBXBuildFile; fileRef = 727D034B271BC8800019945B /* Assets.xcassets */; };
		727D034F271BC8800019945B /* LaunchScreen.storyboard in Resources */ = {isa = PBXBuildFile; fileRef = 727D034D271BC8800019945B /* LaunchScreen.storyboard */; };
		727D035A271BC8800019945B /* HornsApp_iOSTests.swift in Sources */ = {isa = PBXBuildFile; fileRef = 727D0359271BC8800019945B /* HornsApp_iOSTests.swift */; };
		727D0365271BC8800019945B /* HornsApp_iOSUITests.swift in Sources */ = {isa = PBXBuildFile; fileRef = 727D0364271BC8800019945B /* HornsApp_iOSUITests.swift */; };
		727D0373271BCD760019945B /* GetConcerts.swift in Sources */ = {isa = PBXBuildFile; fileRef = 727D0372271BCD760019945B /* GetConcerts.swift */; };
		EB235CFDEFAB1BD544998E7B /* libPods-HornsApp-iOS.a in Frameworks */ = {isa = PBXBuildFile; fileRef = EE865C9920531CCC358F95BD /* libPods-HornsApp-iOS.a */; };
/* End PBXBuildFile section */

/* Begin PBXContainerItemProxy section */
		727D0356271BC8800019945B /* PBXContainerItemProxy */ = {
			isa = PBXContainerItemProxy;
			containerPortal = 727D0337271BC87E0019945B /* Project object */;
			proxyType = 1;
			remoteGlobalIDString = 727D033E271BC87E0019945B;
			remoteInfo = "HornsApp-iOS";
		};
		727D0361271BC8800019945B /* PBXContainerItemProxy */ = {
			isa = PBXContainerItemProxy;
			containerPortal = 727D0337271BC87E0019945B /* Project object */;
			proxyType = 1;
			remoteGlobalIDString = 727D033E271BC87E0019945B;
			remoteInfo = "HornsApp-iOS";
		};
/* End PBXContainerItemProxy section */

/* Begin PBXFileReference section */
		727D033F271BC87E0019945B /* HornsApp-iOS.app */ = {isa = PBXFileReference; explicitFileType = wrapper.application; includeInIndex = 0; path = "HornsApp-iOS.app"; sourceTree = BUILT_PRODUCTS_DIR; };
		727D0342271BC87E0019945B /* AppDelegate.swift */ = {isa = PBXFileReference; lastKnownFileType = sourcecode.swift; path = AppDelegate.swift; sourceTree = "<group>"; };
		727D0344271BC87E0019945B /* SceneDelegate.swift */ = {isa = PBXFileReference; lastKnownFileType = sourcecode.swift; path = SceneDelegate.swift; sourceTree = "<group>"; };
		727D0346271BC87E0019945B /* ViewController.swift */ = {isa = PBXFileReference; lastKnownFileType = sourcecode.swift; path = ViewController.swift; sourceTree = "<group>"; };
		727D0349271BC87E0019945B /* Base */ = {isa = PBXFileReference; lastKnownFileType = file.storyboard; name = Base; path = Base.lproj/Main.storyboard; sourceTree = "<group>"; };
		727D034B271BC8800019945B /* Assets.xcassets */ = {isa = PBXFileReference; lastKnownFileType = folder.assetcatalog; path = Assets.xcassets; sourceTree = "<group>"; };
		727D034E271BC8800019945B /* Base */ = {isa = PBXFileReference; lastKnownFileType = file.storyboard; name = Base; path = Base.lproj/LaunchScreen.storyboard; sourceTree = "<group>"; };
		727D0350271BC8800019945B /* Info.plist */ = {isa = PBXFileReference; lastKnownFileType = text.plist.xml; path = Info.plist; sourceTree = "<group>"; };
		727D0355271BC8800019945B /* HornsApp-iOSTests.xctest */ = {isa = PBXFileReference; explicitFileType = wrapper.cfbundle; includeInIndex = 0; path = "HornsApp-iOSTests.xctest"; sourceTree = BUILT_PRODUCTS_DIR; };
		727D0359271BC8800019945B /* HornsApp_iOSTests.swift */ = {isa = PBXFileReference; lastKnownFileType = sourcecode.swift; path = HornsApp_iOSTests.swift; sourceTree = "<group>"; };
		727D035B271BC8800019945B /* Info.plist */ = {isa = PBXFileReference; lastKnownFileType = text.plist.xml; path = Info.plist; sourceTree = "<group>"; };
		727D0360271BC8800019945B /* HornsApp-iOSUITests.xctest */ = {isa = PBXFileReference; explicitFileType = wrapper.cfbundle; includeInIndex = 0; path = "HornsApp-iOSUITests.xctest"; sourceTree = BUILT_PRODUCTS_DIR; };
		727D0364271BC8800019945B /* HornsApp_iOSUITests.swift */ = {isa = PBXFileReference; lastKnownFileType = sourcecode.swift; path = HornsApp_iOSUITests.swift; sourceTree = "<group>"; };
		727D0366271BC8800019945B /* Info.plist */ = {isa = PBXFileReference; lastKnownFileType = text.plist.xml; path = Info.plist; sourceTree = "<group>"; };
		727D0372271BCD760019945B /* GetConcerts.swift */ = {isa = PBXFileReference; lastKnownFileType = sourcecode.swift; path = GetConcerts.swift; sourceTree = "<group>"; };
		87F5791DF37513CB95E26DCD /* Pods-HornsApp-iOS.release.xcconfig */ = {isa = PBXFileReference; includeInIndex = 1; lastKnownFileType = text.xcconfig; name = "Pods-HornsApp-iOS.release.xcconfig"; path = "Target Support Files/Pods-HornsApp-iOS/Pods-HornsApp-iOS.release.xcconfig"; sourceTree = "<group>"; };
		EE865C9920531CCC358F95BD /* libPods-HornsApp-iOS.a */ = {isa = PBXFileReference; explicitFileType = archive.ar; includeInIndex = 0; path = "libPods-HornsApp-iOS.a"; sourceTree = BUILT_PRODUCTS_DIR; };
		FA38635FEF26FDB105EBF64B /* Pods-HornsApp-iOS.debug.xcconfig */ = {isa = PBXFileReference; includeInIndex = 1; lastKnownFileType = text.xcconfig; name = "Pods-HornsApp-iOS.debug.xcconfig"; path = "Target Support Files/Pods-HornsApp-iOS/Pods-HornsApp-iOS.debug.xcconfig"; sourceTree = "<group>"; };
/* End PBXFileReference section */

/* Begin PBXFrameworksBuildPhase section */
		727D033C271BC87E0019945B /* Frameworks */ = {
			isa = PBXFrameworksBuildPhase;
			buildActionMask = 2147483647;
			files = (
				EB235CFDEFAB1BD544998E7B /* libPods-HornsApp-iOS.a in Frameworks */,
			);
			runOnlyForDeploymentPostprocessing = 0;
		};
		727D0352271BC8800019945B /* Frameworks */ = {
			isa = PBXFrameworksBuildPhase;
			buildActionMask = 2147483647;
			files = (
			);
			runOnlyForDeploymentPostprocessing = 0;
		};
		727D035D271BC8800019945B /* Frameworks */ = {
			isa = PBXFrameworksBuildPhase;
			buildActionMask = 2147483647;
			files = (
			);
			runOnlyForDeploymentPostprocessing = 0;
		};
/* End PBXFrameworksBuildPhase section */

/* Begin PBXGroup section */
		64EEEDB7F4C4644A610D3C27 /* Frameworks */ = {
			isa = PBXGroup;
			children = (
				EE865C9920531CCC358F95BD /* libPods-HornsApp-iOS.a */,
			);
			name = Frameworks;
			sourceTree = "<group>";
		};
		727D0336271BC87E0019945B = {
			isa = PBXGroup;
			children = (
				727D0341271BC87E0019945B /* HornsApp-iOS */,
				727D0358271BC8800019945B /* HornsApp-iOSTests */,
				727D0363271BC8800019945B /* HornsApp-iOSUITests */,
				727D0340271BC87E0019945B /* Products */,
				BD045E6BC4E2C86264A7360E /* Pods */,
				64EEEDB7F4C4644A610D3C27 /* Frameworks */,
			);
			sourceTree = "<group>";
		};
		727D0340271BC87E0019945B /* Products */ = {
			isa = PBXGroup;
			children = (
				727D033F271BC87E0019945B /* HornsApp-iOS.app */,
				727D0355271BC8800019945B /* HornsApp-iOSTests.xctest */,
				727D0360271BC8800019945B /* HornsApp-iOSUITests.xctest */,
			);
			name = Products;
			sourceTree = "<group>";
		};
		727D0341271BC87E0019945B /* HornsApp-iOS */ = {
			isa = PBXGroup;
			children = (
				727D0342271BC87E0019945B /* AppDelegate.swift */,
				727D0344271BC87E0019945B /* SceneDelegate.swift */,
				727D0346271BC87E0019945B /* ViewController.swift */,
				727D0348271BC87E0019945B /* Main.storyboard */,
				727D034B271BC8800019945B /* Assets.xcassets */,
				727D034D271BC8800019945B /* LaunchScreen.storyboard */,
				727D0350271BC8800019945B /* Info.plist */,
				727D0372271BCD760019945B /* GetConcerts.swift */,
			);
			path = "HornsApp-iOS";
			sourceTree = "<group>";
		};
		727D0358271BC8800019945B /* HornsApp-iOSTests */ = {
			isa = PBXGroup;
			children = (
				727D0359271BC8800019945B /* HornsApp_iOSTests.swift */,
				727D035B271BC8800019945B /* Info.plist */,
			);
			path = "HornsApp-iOSTests";
			sourceTree = "<group>";
		};
		727D0363271BC8800019945B /* HornsApp-iOSUITests */ = {
			isa = PBXGroup;
			children = (
				727D0364271BC8800019945B /* HornsApp_iOSUITests.swift */,
				727D0366271BC8800019945B /* Info.plist */,
			);
			path = "HornsApp-iOSUITests";
			sourceTree = "<group>";
		};
		BD045E6BC4E2C86264A7360E /* Pods */ = {
			isa = PBXGroup;
			children = (
				FA38635FEF26FDB105EBF64B /* Pods-HornsApp-iOS.debug.xcconfig */,
				87F5791DF37513CB95E26DCD /* Pods-HornsApp-iOS.release.xcconfig */,
			);
			path = Pods;
			sourceTree = "<group>";
		};
/* End PBXGroup section */

/* Begin PBXNativeTarget section */
		727D033E271BC87E0019945B /* HornsApp-iOS */ = {
			isa = PBXNativeTarget;
			buildConfigurationList = 727D0369271BC8800019945B /* Build configuration list for PBXNativeTarget "HornsApp-iOS" */;
			buildPhases = (
				E4F690360446CC5A5FB6580A /* [CP] Check Pods Manifest.lock */,
				727D033B271BC87E0019945B /* Sources */,
				727D033C271BC87E0019945B /* Frameworks */,
				727D033D271BC87E0019945B /* Resources */,
				87C1AE804C50C10E21028697 /* [CP] Embed Pods Frameworks */,
			);
			buildRules = (
			);
			dependencies = (
			);
			name = "HornsApp-iOS";
			productName = "HornsApp-iOS";
			productReference = 727D033F271BC87E0019945B /* HornsApp-iOS.app */;
			productType = "com.apple.product-type.application";
		};
		727D0354271BC8800019945B /* HornsApp-iOSTests */ = {
			isa = PBXNativeTarget;
			buildConfigurationList = 727D036C271BC8800019945B /* Build configuration list for PBXNativeTarget "HornsApp-iOSTests" */;
			buildPhases = (
				727D0351271BC8800019945B /* Sources */,
				727D0352271BC8800019945B /* Frameworks */,
				727D0353271BC8800019945B /* Resources */,
			);
			buildRules = (
			);
			dependencies = (
				727D0357271BC8800019945B /* PBXTargetDependency */,
			);
			name = "HornsApp-iOSTests";
			productName = "HornsApp-iOSTests";
			productReference = 727D0355271BC8800019945B /* HornsApp-iOSTests.xctest */;
			productType = "com.apple.product-type.bundle.unit-test";
		};
		727D035F271BC8800019945B /* HornsApp-iOSUITests */ = {
			isa = PBXNativeTarget;
			buildConfigurationList = 727D036F271BC8800019945B /* Build configuration list for PBXNativeTarget "HornsApp-iOSUITests" */;
			buildPhases = (
				727D035C271BC8800019945B /* Sources */,
				727D035D271BC8800019945B /* Frameworks */,
				727D035E271BC8800019945B /* Resources */,
			);
			buildRules = (
			);
			dependencies = (
				727D0362271BC8800019945B /* PBXTargetDependency */,
			);
			name = "HornsApp-iOSUITests";
			productName = "HornsApp-iOSUITests";
			productReference = 727D0360271BC8800019945B /* HornsApp-iOSUITests.xctest */;
			productType = "com.apple.product-type.bundle.ui-testing";
		};
/* End PBXNativeTarget section */

/* Begin PBXProject section */
		727D0337271BC87E0019945B /* Project object */ = {
			isa = PBXProject;
			attributes = {
				LastSwiftUpdateCheck = 1250;
				LastUpgradeCheck = 1250;
				TargetAttributes = {
					727D033E271BC87E0019945B = {
						CreatedOnToolsVersion = 12.5;
					};
					727D0354271BC8800019945B = {
						CreatedOnToolsVersion = 12.5;
						TestTargetID = 727D033E271BC87E0019945B;
					};
					727D035F271BC8800019945B = {
						CreatedOnToolsVersion = 12.5;
						TestTargetID = 727D033E271BC87E0019945B;
					};
				};
			};
			buildConfigurationList = 727D033A271BC87E0019945B /* Build configuration list for PBXProject "HornsApp-iOS" */;
			compatibilityVersion = "Xcode 9.3";
			developmentRegion = en;
			hasScannedForEncodings = 0;
			knownRegions = (
				en,
				Base,
			);
			mainGroup = 727D0336271BC87E0019945B;
			productRefGroup = 727D0340271BC87E0019945B /* Products */;
			projectDirPath = "";
			projectRoot = "";
			targets = (
				727D033E271BC87E0019945B /* HornsApp-iOS */,
				727D0354271BC8800019945B /* HornsApp-iOSTests */,
				727D035F271BC8800019945B /* HornsApp-iOSUITests */,
			);
		};
/* End PBXProject section */

/* Begin PBXResourcesBuildPhase section */
		727D033D271BC87E0019945B /* Resources */ = {
			isa = PBXResourcesBuildPhase;
			buildActionMask = 2147483647;
			files = (
				727D034F271BC8800019945B /* LaunchScreen.storyboard in Resources */,
				727D034C271BC8800019945B /* Assets.xcassets in Resources */,
				727D034A271BC87E0019945B /* Main.storyboard in Resources */,
			);
			runOnlyForDeploymentPostprocessing = 0;
		};
		727D0353271BC8800019945B /* Resources */ = {
			isa = PBXResourcesBuildPhase;
			buildActionMask = 2147483647;
			files = (
			);
			runOnlyForDeploymentPostprocessing = 0;
		};
		727D035E271BC8800019945B /* Resources */ = {
			isa = PBXResourcesBuildPhase;
			buildActionMask = 2147483647;
			files = (
			);
			runOnlyForDeploymentPostprocessing = 0;
		};
/* End PBXResourcesBuildPhase section */

/* Begin PBXShellScriptBuildPhase section */
		87C1AE804C50C10E21028697 /* [CP] Embed Pods Frameworks */ = {
			isa = PBXShellScriptBuildPhase;
			buildActionMask = 2147483647;
			files = (
			);
			inputFileListPaths = (
				"${PODS_ROOT}/Target Support Files/Pods-HornsApp-iOS/Pods-HornsApp-iOS-frameworks-${CONFIGURATION}-input-files.xcfilelist",
			);
			name = "[CP] Embed Pods Frameworks";
			outputFileListPaths = (
				"${PODS_ROOT}/Target Support Files/Pods-HornsApp-iOS/Pods-HornsApp-iOS-frameworks-${CONFIGURATION}-output-files.xcfilelist",
			);
			runOnlyForDeploymentPostprocessing = 0;
			shellPath = /bin/sh;
			shellScript = "\"${PODS_ROOT}/Target Support Files/Pods-HornsApp-iOS/Pods-HornsApp-iOS-frameworks.sh\"\n";
			showEnvVarsInLog = 0;
		};
		E4F690360446CC5A5FB6580A /* [CP] Check Pods Manifest.lock */ = {
			isa = PBXShellScriptBuildPhase;
			buildActionMask = 2147483647;
			files = (
			);
			inputFileListPaths = (
			);
			inputPaths = (
				"${PODS_PODFILE_DIR_PATH}/Podfile.lock",
				"${PODS_ROOT}/Manifest.lock",
			);
			name = "[CP] Check Pods Manifest.lock";
			outputFileListPaths = (
			);
			outputPaths = (
				"$(DERIVED_FILE_DIR)/Pods-HornsApp-iOS-checkManifestLockResult.txt",
			);
			runOnlyForDeploymentPostprocessing = 0;
			shellPath = /bin/sh;
			shellScript = "diff \"${PODS_PODFILE_DIR_PATH}/Podfile.lock\" \"${PODS_ROOT}/Manifest.lock\" > /dev/null\nif [ $? != 0 ] ; then\n    # print error to STDERR\n    echo \"error: The sandbox is not in sync with the Podfile.lock. Run 'pod install' or update your CocoaPods installation.\" >&2\n    exit 1\nfi\n# This output is used by Xcode 'outputs' to avoid re-running this script phase.\necho \"SUCCESS\" > \"${SCRIPT_OUTPUT_FILE_0}\"\n";
			showEnvVarsInLog = 0;
		};
/* End PBXShellScriptBuildPhase section */

/* Begin PBXSourcesBuildPhase section */
		727D033B271BC87E0019945B /* Sources */ = {
			isa = PBXSourcesBuildPhase;
			buildActionMask = 2147483647;
			files = (
				727D0347271BC87E0019945B /* ViewController.swift in Sources */,
				727D0373271BCD760019945B /* GetConcerts.swift in Sources */,
				727D0343271BC87E0019945B /* AppDelegate.swift in Sources */,
				727D0345271BC87E0019945B /* SceneDelegate.swift in Sources */,
			);
			runOnlyForDeploymentPostprocessing = 0;
		};
		727D0351271BC8800019945B /* Sources */ = {
			isa = PBXSourcesBuildPhase;
			buildActionMask = 2147483647;
			files = (
				727D035A271BC8800019945B /* HornsApp_iOSTests.swift in Sources */,
			);
			runOnlyForDeploymentPostprocessing = 0;
		};
		727D035C271BC8800019945B /* Sources */ = {
			isa = PBXSourcesBuildPhase;
			buildActionMask = 2147483647;
			files = (
				727D0365271BC8800019945B /* HornsApp_iOSUITests.swift in Sources */,
			);
			runOnlyForDeploymentPostprocessing = 0;
		};
/* End PBXSourcesBuildPhase section */

/* Begin PBXTargetDependency section */
		727D0357271BC8800019945B /* PBXTargetDependency */ = {
			isa = PBXTargetDependency;
			target = 727D033E271BC87E0019945B /* HornsApp-iOS */;
			targetProxy = 727D0356271BC8800019945B /* PBXContainerItemProxy */;
		};
		727D0362271BC8800019945B /* PBXTargetDependency */ = {
			isa = PBXTargetDependency;
			target = 727D033E271BC87E0019945B /* HornsApp-iOS */;
			targetProxy = 727D0361271BC8800019945B /* PBXContainerItemProxy */;
		};
/* End PBXTargetDependency section */

/* Begin PBXVariantGroup section */
		727D0348271BC87E0019945B /* Main.storyboard */ = {
			isa = PBXVariantGroup;
			children = (
				727D0349271BC87E0019945B /* Base */,
			);
			name = Main.storyboard;
			sourceTree = "<group>";
		};
		727D034D271BC8800019945B /* LaunchScreen.storyboard */ = {
			isa = PBXVariantGroup;
			children = (
				727D034E271BC8800019945B /* Base */,
			);
			name = LaunchScreen.storyboard;
			sourceTree = "<group>";
		};
/* End PBXVariantGroup section */

/* Begin XCBuildConfiguration section */
		727D0367271BC8800019945B /* Debug */ = {
			isa = XCBuildConfiguration;
			buildSettings = {
				ALWAYS_SEARCH_USER_PATHS = NO;
				CLANG_ANALYZER_NONNULL = YES;
				CLANG_ANALYZER_NUMBER_OBJECT_CONVERSION = YES_AGGRESSIVE;
				CLANG_CXX_LANGUAGE_STANDARD = "gnu++14";
				CLANG_CXX_LIBRARY = "libc++";
				CLANG_ENABLE_MODULES = YES;
				CLANG_ENABLE_OBJC_ARC = YES;
				CLANG_ENABLE_OBJC_WEAK = YES;
				CLANG_WARN_BLOCK_CAPTURE_AUTORELEASING = YES;
				CLANG_WARN_BOOL_CONVERSION = YES;
				CLANG_WARN_COMMA = YES;
				CLANG_WARN_CONSTANT_CONVERSION = YES;
				CLANG_WARN_DEPRECATED_OBJC_IMPLEMENTATIONS = YES;
				CLANG_WARN_DIRECT_OBJC_ISA_USAGE = YES_ERROR;
				CLANG_WARN_DOCUMENTATION_COMMENTS = YES;
				CLANG_WARN_EMPTY_BODY = YES;
				CLANG_WARN_ENUM_CONVERSION = YES;
				CLANG_WARN_INFINITE_RECURSION = YES;
				CLANG_WARN_INT_CONVERSION = YES;
				CLANG_WARN_NON_LITERAL_NULL_CONVERSION = YES;
				CLANG_WARN_OBJC_IMPLICIT_RETAIN_SELF = YES;
				CLANG_WARN_OBJC_LITERAL_CONVERSION = YES;
				CLANG_WARN_OBJC_ROOT_CLASS = YES_ERROR;
				CLANG_WARN_QUOTED_INCLUDE_IN_FRAMEWORK_HEADER = YES;
				CLANG_WARN_RANGE_LOOP_ANALYSIS = YES;
				CLANG_WARN_STRICT_PROTOTYPES = YES;
				CLANG_WARN_SUSPICIOUS_MOVE = YES;
				CLANG_WARN_UNGUARDED_AVAILABILITY = YES_AGGRESSIVE;
				CLANG_WARN_UNREACHABLE_CODE = YES;
				CLANG_WARN__DUPLICATE_METHOD_MATCH = YES;
				COPY_PHASE_STRIP = NO;
				DEBUG_INFORMATION_FORMAT = dwarf;
				ENABLE_STRICT_OBJC_MSGSEND = YES;
				ENABLE_TESTABILITY = YES;
				GCC_C_LANGUAGE_STANDARD = gnu11;
				GCC_DYNAMIC_NO_PIC = NO;
				GCC_NO_COMMON_BLOCKS = YES;
				GCC_OPTIMIZATION_LEVEL = 0;
				GCC_PREPROCESSOR_DEFINITIONS = (
					"DEBUG=1",
					"$(inherited)",
				);
				GCC_WARN_64_TO_32_BIT_CONVERSION = YES;
				GCC_WARN_ABOUT_RETURN_TYPE = YES_ERROR;
				GCC_WARN_UNDECLARED_SELECTOR = YES;
				GCC_WARN_UNINITIALIZED_AUTOS = YES_AGGRESSIVE;
				GCC_WARN_UNUSED_FUNCTION = YES;
				GCC_WARN_UNUSED_VARIABLE = YES;
				IPHONEOS_DEPLOYMENT_TARGET = 13.0;
				MTL_ENABLE_DEBUG_INFO = INCLUDE_SOURCE;
				MTL_FAST_MATH = YES;
				ONLY_ACTIVE_ARCH = YES;
				SDKROOT = iphoneos;
				SWIFT_ACTIVE_COMPILATION_CONDITIONS = DEBUG;
				SWIFT_OPTIMIZATION_LEVEL = "-Onone";
			};
			name = Debug;
		};
		727D0368271BC8800019945B /* Release */ = {
			isa = XCBuildConfiguration;
			buildSettings = {
				ALWAYS_SEARCH_USER_PATHS = NO;
				CLANG_ANALYZER_NONNULL = YES;
				CLANG_ANALYZER_NUMBER_OBJECT_CONVERSION = YES_AGGRESSIVE;
				CLANG_CXX_LANGUAGE_STANDARD = "gnu++14";
				CLANG_CXX_LIBRARY = "libc++";
				CLANG_ENABLE_MODULES = YES;
				CLANG_ENABLE_OBJC_ARC = YES;
				CLANG_ENABLE_OBJC_WEAK = YES;
				CLANG_WARN_BLOCK_CAPTURE_AUTORELEASING = YES;
				CLANG_WARN_BOOL_CONVERSION = YES;
				CLANG_WARN_COMMA = YES;
				CLANG_WARN_CONSTANT_CONVERSION = YES;
				CLANG_WARN_DEPRECATED_OBJC_IMPLEMENTATIONS = YES;
				CLANG_WARN_DIRECT_OBJC_ISA_USAGE = YES_ERROR;
				CLANG_WARN_DOCUMENTATION_COMMENTS = YES;
				CLANG_WARN_EMPTY_BODY = YES;
				CLANG_WARN_ENUM_CONVERSION = YES;
				CLANG_WARN_INFINITE_RECURSION = YES;
				CLANG_WARN_INT_CONVERSION = YES;
				CLANG_WARN_NON_LITERAL_NULL_CONVERSION = YES;
				CLANG_WARN_OBJC_IMPLICIT_RETAIN_SELF = YES;
				CLANG_WARN_OBJC_LITERAL_CONVERSION = YES;
				CLANG_WARN_OBJC_ROOT_CLASS = YES_ERROR;
				CLANG_WARN_QUOTED_INCLUDE_IN_FRAMEWORK_HEADER = YES;
				CLANG_WARN_RANGE_LOOP_ANALYSIS = YES;
				CLANG_WARN_STRICT_PROTOTYPES = YES;
				CLANG_WARN_SUSPICIOUS_MOVE = YES;
				CLANG_WARN_UNGUARDED_AVAILABILITY = YES_AGGRESSIVE;
				CLANG_WARN_UNREACHABLE_CODE = YES;
				CLANG_WARN__DUPLICATE_METHOD_MATCH = YES;
				COPY_PHASE_STRIP = NO;
				DEBUG_INFORMATION_FORMAT = "dwarf-with-dsym";
				ENABLE_NS_ASSERTIONS = NO;
				ENABLE_STRICT_OBJC_MSGSEND = YES;
				GCC_C_LANGUAGE_STANDARD = gnu11;
				GCC_NO_COMMON_BLOCKS = YES;
				GCC_WARN_64_TO_32_BIT_CONVERSION = YES;
				GCC_WARN_ABOUT_RETURN_TYPE = YES_ERROR;
				GCC_WARN_UNDECLARED_SELECTOR = YES;
				GCC_WARN_UNINITIALIZED_AUTOS = YES_AGGRESSIVE;
				GCC_WARN_UNUSED_FUNCTION = YES;
				GCC_WARN_UNUSED_VARIABLE = YES;
				IPHONEOS_DEPLOYMENT_TARGET = 13.0;
				MTL_ENABLE_DEBUG_INFO = NO;
				MTL_FAST_MATH = YES;
				SDKROOT = iphoneos;
				SWIFT_COMPILATION_MODE = wholemodule;
				SWIFT_OPTIMIZATION_LEVEL = "-O";
				VALIDATE_PRODUCT = YES;
			};
			name = Release;
		};
		727D036A271BC8800019945B /* Debug */ = {
			isa = XCBuildConfiguration;
			baseConfigurationReference = FA38635FEF26FDB105EBF64B /* Pods-HornsApp-iOS.debug.xcconfig */;
			buildSettings = {
				ASSETCATALOG_COMPILER_APPICON_NAME = AppIcon;
				ASSETCATALOG_COMPILER_GLOBAL_ACCENT_COLOR_NAME = AccentColor;
				CODE_SIGN_STYLE = Automatic;
				DEVELOPMENT_TEAM = 9J76T3335Y;
				INFOPLIST_FILE = "HornsApp-iOS/Info.plist";
				LD_RUNPATH_SEARCH_PATHS = (
					"$(inherited)",
					"@executable_path/Frameworks",
				);
				PRODUCT_BUNDLE_IDENTIFIER = "com.yesferal.HornsApp-iOS";
				PRODUCT_NAME = "$(TARGET_NAME)";
				SWIFT_VERSION = 5.0;
				TARGETED_DEVICE_FAMILY = 1;
			};
			name = Debug;
		};
		727D036B271BC8800019945B /* Release */ = {
			isa = XCBuildConfiguration;
			baseConfigurationReference = 87F5791DF37513CB95E26DCD /* Pods-HornsApp-iOS.release.xcconfig */;
			buildSettings = {
				ASSETCATALOG_COMPILER_APPICON_NAME = AppIcon;
				ASSETCATALOG_COMPILER_GLOBAL_ACCENT_COLOR_NAME = AccentColor;
				CODE_SIGN_STYLE = Automatic;
				DEVELOPMENT_TEAM = 9J76T3335Y;
				INFOPLIST_FILE = "HornsApp-iOS/Info.plist";
				LD_RUNPATH_SEARCH_PATHS = (
					"$(inherited)",
					"@executable_path/Frameworks",
				);
				PRODUCT_BUNDLE_IDENTIFIER = "com.yesferal.HornsApp-iOS";
				PRODUCT_NAME = "$(TARGET_NAME)";
				SWIFT_VERSION = 5.0;
				TARGETED_DEVICE_FAMILY = 1;
			};
			name = Release;
		};
		727D036D271BC8800019945B /* Debug */ = {
			isa = XCBuildConfiguration;
			buildSettings = {
				ALWAYS_EMBED_SWIFT_STANDARD_LIBRARIES = YES;
				BUNDLE_LOADER = "$(TEST_HOST)";
				CODE_SIGN_STYLE = Automatic;
				DEVELOPMENT_TEAM = 9J76T3335Y;
				INFOPLIST_FILE = "HornsApp-iOSTests/Info.plist";
				IPHONEOS_DEPLOYMENT_TARGET = 14.5;
				LD_RUNPATH_SEARCH_PATHS = (
					"$(inherited)",
					"@executable_path/Frameworks",
					"@loader_path/Frameworks",
				);
				PRODUCT_BUNDLE_IDENTIFIER = "com.yesferal.HornsApp-iOSTests";
				PRODUCT_NAME = "$(TARGET_NAME)";
				SWIFT_VERSION = 5.0;
				TARGETED_DEVICE_FAMILY = "1,2";
				TEST_HOST = "$(BUILT_PRODUCTS_DIR)/HornsApp-iOS.app/HornsApp-iOS";
			};
			name = Debug;
		};
		727D036E271BC8800019945B /* Release */ = {
			isa = XCBuildConfiguration;
			buildSettings = {
				ALWAYS_EMBED_SWIFT_STANDARD_LIBRARIES = YES;
				BUNDLE_LOADER = "$(TEST_HOST)";
				CODE_SIGN_STYLE = Automatic;
				DEVELOPMENT_TEAM = 9J76T3335Y;
				INFOPLIST_FILE = "HornsApp-iOSTests/Info.plist";
				IPHONEOS_DEPLOYMENT_TARGET = 14.5;
				LD_RUNPATH_SEARCH_PATHS = (
					"$(inherited)",
					"@executable_path/Frameworks",
					"@loader_path/Frameworks",
				);
				PRODUCT_BUNDLE_IDENTIFIER = "com.yesferal.HornsApp-iOSTests";
				PRODUCT_NAME = "$(TARGET_NAME)";
				SWIFT_VERSION = 5.0;
				TARGETED_DEVICE_FAMILY = "1,2";
				TEST_HOST = "$(BUILT_PRODUCTS_DIR)/HornsApp-iOS.app/HornsApp-iOS";
			};
			name = Release;
		};
		727D0370271BC8800019945B /* Debug */ = {
			isa = XCBuildConfiguration;
			buildSettings = {
				ALWAYS_EMBED_SWIFT_STANDARD_LIBRARIES = YES;
				CODE_SIGN_STYLE = Automatic;
				DEVELOPMENT_TEAM = 9J76T3335Y;
				INFOPLIST_FILE = "HornsApp-iOSUITests/Info.plist";
				LD_RUNPATH_SEARCH_PATHS = (
					"$(inherited)",
					"@executable_path/Frameworks",
					"@loader_path/Frameworks",
				);
				PRODUCT_BUNDLE_IDENTIFIER = "com.yesferal.HornsApp-iOSUITests";
				PRODUCT_NAME = "$(TARGET_NAME)";
				SWIFT_VERSION = 5.0;
				TARGETED_DEVICE_FAMILY = "1,2";
				TEST_TARGET_NAME = "HornsApp-iOS";
			};
			name = Debug;
		};
		727D0371271BC8800019945B /* Release */ = {
			isa = XCBuildConfiguration;
			buildSettings = {
				ALWAYS_EMBED_SWIFT_STANDARD_LIBRARIES = YES;
				CODE_SIGN_STYLE = Automatic;
				DEVELOPMENT_TEAM = 9J76T3335Y;
				INFOPLIST_FILE = "HornsApp-iOSUITests/Info.plist";
				LD_RUNPATH_SEARCH_PATHS = (
					"$(inherited)",
					"@executable_path/Frameworks",
					"@loader_path/Frameworks",
				);
				PRODUCT_BUNDLE_IDENTIFIER = "com.yesferal.HornsApp-iOSUITests";
				PRODUCT_NAME = "$(TARGET_NAME)";
				SWIFT_VERSION = 5.0;
				TARGETED_DEVICE_FAMILY = "1,2";
				TEST_TARGET_NAME = "HornsApp-iOS";
			};
			name = Release;
		};
/* End XCBuildConfiguration section */

/* Begin XCConfigurationList section */
		727D033A271BC87E0019945B /* Build configuration list for PBXProject "HornsApp-iOS" */ = {
			isa = XCConfigurationList;
			buildConfigurations = (
				727D0367271BC8800019945B /* Debug */,
				727D0368271BC8800019945B /* Release */,
			);
			defaultConfigurationIsVisible = 0;
			defaultConfigurationName = Release;
		};
		727D0369271BC8800019945B /* Build configuration list for PBXNativeTarget "HornsApp-iOS" */ = {
			isa = XCConfigurationList;
			buildConfigurations = (
				727D036A271BC8800019945B /* Debug */,
				727D036B271BC8800019945B /* Release */,
			);
			defaultConfigurationIsVisible = 0;
			defaultConfigurationName = Release;
		};
		727D036C271BC8800019945B /* Build configuration list for PBXNativeTarget "HornsApp-iOSTests" */ = {
			isa = XCConfigurationList;
			buildConfigurations = (
				727D036D271BC8800019945B /* Debug */,
				727D036E271BC8800019945B /* Release */,
			);
			defaultConfigurationIsVisible = 0;
			defaultConfigurationName = Release;
		};
		727D036F271BC8800019945B /* Build configuration list for PBXNativeTarget "HornsApp-iOSUITests" */ = {
			isa = XCConfigurationList;
			buildConfigurations = (
				727D0370271BC8800019945B /* Debug */,
				727D0371271BC8800019945B /* Release */,
			);
			defaultConfigurationIsVisible = 0;
			defaultConfigurationName = Release;
		};
/* End XCConfigurationList section */
	};
	rootObject = 727D0337271BC87E0019945B /* Project object */;
}
